// !$*UTF8*$!
{
	archiveVersion = 1;
	classes = {
	};
	objectVersion = 46;
	objects = {

/* Begin PBXBuildFile section */
		76BB09371BEC747C00DD5E79 /* AppDelegate.swift in Sources */ = {isa = PBXBuildFile; fileRef = 76BB09361BEC747C00DD5E79 /* AppDelegate.swift */; };
		76BB09391BEC747C00DD5E79 /* ViewController.swift in Sources */ = {isa = PBXBuildFile; fileRef = 76BB09381BEC747C00DD5E79 /* ViewController.swift */; };
		76BB093C1BEC747C00DD5E79 /* Main.storyboard in Resources */ = {isa = PBXBuildFile; fileRef = 76BB093A1BEC747C00DD5E79 /* Main.storyboard */; };
		76BB093E1BEC747C00DD5E79 /* Assets.xcassets in Resources */ = {isa = PBXBuildFile; fileRef = 76BB093D1BEC747C00DD5E79 /* Assets.xcassets */; };
		76BB09411BEC747C00DD5E79 /* LaunchScreen.storyboard in Resources */ = {isa = PBXBuildFile; fileRef = 76BB093F1BEC747C00DD5E79 /* LaunchScreen.storyboard */; };
		76BB09491BEC757F00DD5E79 /* ContentCell.swift in Sources */ = {isa = PBXBuildFile; fileRef = 76BB09481BEC757F00DD5E79 /* ContentCell.swift */; };
		76D79E611BF02B7E00920A6A /* HeaderCell.swift in Sources */ = {isa = PBXBuildFile; fileRef = 76D79E601BF02B7E00920A6A /* HeaderCell.swift */; };
/* End PBXBuildFile section */

/* Begin PBXFileReference section */
		76BB09331BEC747C00DD5E79 /* Dialog Viewer.app */ = {isa = PBXFileReference; explicitFileType = wrapper.application; includeInIndex = 0; path = "Dialog Viewer.app"; sourceTree = BUILT_PRODUCTS_DIR; };
		76BB09361BEC747C00DD5E79 /* AppDelegate.swift */ = {isa = PBXFileReference; lastKnownFileType = sourcecode.swift; path = AppDelegate.swift; sourceTree = "<group>"; };
		76BB09381BEC747C00DD5E79 /* ViewController.swift */ = {isa = PBXFileReference; lastKnownFileType = sourcecode.swift; path = ViewController.swift; sourceTree = "<group>"; };
		76BB093B1BEC747C00DD5E79 /* Base */ = {isa = PBXFileReference; lastKnownFileType = file.storyboard; name = Base; path = Base.lproj/Main.storyboard; sourceTree = "<group>"; };
		76BB093D1BEC747C00DD5E79 /* Assets.xcassets */ = {isa = PBXFileReference; lastKnownFileType = folder.assetcatalog; path = Assets.xcassets; sourceTree = "<group>"; };
		76BB09401BEC747C00DD5E79 /* Base */ = {isa = PBXFileReference; lastKnownFileType = file.storyboard; name = Base; path = Base.lproj/LaunchScreen.storyboard; sourceTree = "<group>"; };
		76BB09421BEC747C00DD5E79 /* Info.plist */ = {isa = PBXFileReference; lastKnownFileType = text.plist.xml; path = Info.plist; sourceTree = "<group>"; };
		76BB09481BEC757F00DD5E79 /* ContentCell.swift */ = {isa = PBXFileReference; fileEncoding = 4; lastKnownFileType = sourcecode.swift; path = ContentCell.swift; sourceTree = "<group>"; };
		76D79E601BF02B7E00920A6A /* HeaderCell.swift */ = {isa = PBXFileReference; fileEncoding = 4; lastKnownFileType = sourcecode.swift; path = HeaderCell.swift; sourceTree = "<group>"; };
/* End PBXFileReference section */

/* Begin PBXFrameworksBuildPhase section */
		76BB09301BEC747C00DD5E79 /* Frameworks */ = {
			isa = PBXFrameworksBuildPhase;
			buildActionMask = 2147483647;
			files = (
			);
			runOnlyForDeploymentPostprocessing = 0;
		};
/* End PBXFrameworksBuildPhase section */

/* Begin PBXGroup section */
		76BB092A1BEC747C00DD5E79 = {
			isa = PBXGroup;
			children = (
				76BB09351BEC747C00DD5E79 /* Dialog Viewer */,
				76BB09341BEC747C00DD5E79 /* Products */,
			);
			sourceTree = "<group>";
		};
		76BB09341BEC747C00DD5E79 /* Products */ = {
			isa = PBXGroup;
			children = (
				76BB09331BEC747C00DD5E79 /* Dialog Viewer.app */,
			);
			name = Products;
			sourceTree = "<group>";
		};
		76BB09351BEC747C00DD5E79 /* Dialog Viewer */ = {
			isa = PBXGroup;
			children = (
				76BB09361BEC747C00DD5E79 /* AppDelegate.swift */,
				76BB09381BEC747C00DD5E79 /* ViewController.swift */,
				76BB093A1BEC747C00DD5E79 /* Main.storyboard */,
				76BB093D1BEC747C00DD5E79 /* Assets.xcassets */,
				76BB093F1BEC747C00DD5E79 /* LaunchScreen.storyboard */,
				76BB09421BEC747C00DD5E79 /* Info.plist */,
				76BB09481BEC757F00DD5E79 /* ContentCell.swift */,
				76D79E601BF02B7E00920A6A /* HeaderCell.swift */,
			);
			path = "Dialog Viewer";
			sourceTree = "<group>";
		};
/* End PBXGroup section */

/* Begin PBXNativeTarget section */
		76BB09321BEC747C00DD5E79 /* Dialog Viewer */ = {
			isa = PBXNativeTarget;
			buildConfigurationList = 76BB09451BEC747C00DD5E79 /* Build configuration list for PBXNativeTarget "Dialog Viewer" */;
			buildPhases = (
				76BB092F1BEC747C00DD5E79 /* Sources */,
				76BB09301BEC747C00DD5E79 /* Frameworks */,
				76BB09311BEC747C00DD5E79 /* Resources */,
			);
			buildRules = (
			);
			dependencies = (
			);
			name = "Dialog Viewer";
			productName = "Dialog Viewer";
			productReference = 76BB09331BEC747C00DD5E79 /* Dialog Viewer.app */;
			productType = "com.apple.product-type.application";
		};
/* End PBXNativeTarget section */

/* Begin PBXProject section */
		76BB092B1BEC747C00DD5E79 /* Project object */ = {
			isa = PBXProject;
			attributes = {
				LastSwiftUpdateCheck = 0710;
				LastUpgradeCheck = 0710;
				ORGANIZATIONNAME = "Michael Shearer";
				TargetAttributes = {
					76BB09321BEC747C00DD5E79 = {
						CreatedOnToolsVersion = 7.1;
					};
				};
			};
			buildConfigurationList = 76BB092E1BEC747C00DD5E79 /* Build configuration list for PBXProject "Dialog Viewer" */;
			compatibilityVersion = "Xcode 3.2";
			developmentRegion = English;
			hasScannedForEncodings = 0;
			knownRegions = (
				en,
				Base,
			);
			mainGroup = 76BB092A1BEC747C00DD5E79;
			productRefGroup = 76BB09341BEC747C00DD5E79 /* Products */;
			projectDirPath = "";
			projectRoot = "";
			targets = (
				76BB09321BEC747C00DD5E79 /* Dialog Viewer */,
			);
		};
/* End PBXProject section */

/* Begin PBXResourcesBuildPhase section */
		76BB09311BEC747C00DD5E79 /* Resources */ = {
			isa = PBXResourcesBuildPhase;
			buildActionMask = 2147483647;
			files = (
				76BB09411BEC747C00DD5E79 /* LaunchScreen.storyboard in Resources */,
				76BB093E1BEC747C00DD5E79 /* Assets.xcassets in Resources */,
				76BB093C1BEC747C00DD5E79 /* Main.storyboard in Resources */,
			);
			runOnlyForDeploymentPostprocessing = 0;
		};
/* End PBXResourcesBuildPhase section */

/* Begin PBXSourcesBuildPhase section */
		76BB092F1BEC747C00DD5E79 /* Sources */ = {
			isa = PBXSourcesBuildPhase;
			buildActionMask = 2147483647;
			files = (
				76D79E611BF02B7E00920A6A /* HeaderCell.swift in Sources */,
				76BB09491BEC757F00DD5E79 /* ContentCell.swift in Sources */,
				76BB09391BEC747C00DD5E79 /* ViewController.swift in Sources */,
				76BB09371BEC747C00DD5E79 /* AppDelegate.swift in Sources */,
			);
			runOnlyForDeploymentPostprocessing = 0;
		};
/* End PBXSourcesBuildPhase section */

/* Begin PBXVariantGroup section */
		76BB093A1BEC747C00DD5E79 /* Main.storyboard */ = {
			isa = PBXVariantGroup;
			children = (
				76BB093B1BEC747C00DD5E79 /* Base */,
			);
			name = Main.storyboard;
			sourceTree = "<group>";
		};
		76BB093F1BEC747C00DD5E79 /* LaunchScreen.storyboard */ = {
			isa = PBXVariantGroup;
			children = (
				76BB09401BEC747C00DD5E79 /* Base */,
			);
			name = LaunchScreen.storyboard;
			sourceTree = "<group>";
		};
/* End PBXVariantGroup section */

/* Begin XCBuildConfiguration section */
		76BB09431BEC747C00DD5E79 /* Debug */ = {
			isa = XCBuildConfiguration;
			buildSettings = {
				ALWAYS_SEARCH_USER_PATHS = NO;
				CLANG_CXX_LANGUAGE_STANDARD = "gnu++0x";
				CLANG_CXX_LIBRARY = "libc++";
				CLANG_ENABLE_MODULES = YES;
				CLANG_ENABLE_OBJC_ARC = YES;
				CLANG_WARN_BOOL_CONVERSION = YES;
				CLANG_WARN_CONSTANT_CONVERSION = YES;
				CLANG_WARN_DIRECT_OBJC_ISA_USAGE = YES_ERROR;
				CLANG_WARN_EMPTY_BODY = YES;
				CLANG_WARN_ENUM_CONVERSION = YES;
				CLANG_WARN_INT_CONVERSION = YES;
				CLANG_WARN_OBJC_ROOT_CLASS = YES_ERROR;
				CLANG_WARN_UNREACHABLE_CODE = YES;
				CLANG_WARN__DUPLICATE_METHOD_MATCH = YES;
				"CODE_SIGN_IDENTITY[sdk=iphoneos*]" = "iPhone Developer";
				COPY_PHASE_STRIP = NO;
				DEBUG_INFORMATION_FORMAT = dwarf;
				ENABLE_STRICT_OBJC_MSGSEND = YES;
				ENABLE_TESTABILITY = YES;
				GCC_C_LANGUAGE_STANDARD = gnu99;
				GCC_DYNAMIC_NO_PIC = NO;
				GCC_NO_COMMON_BLOCKS = YES;
				GCC_OPTIMIZATION_LEVEL = 0;
				GCC_PREPROCESSOR_DEFINITIONS = (
					"DEBUG=1",
					"$(inherited)",
				);
				GCC_WARN_64_TO_32_BIT_CONVERSION = YES;
				GCC_WARN_ABOUT_RETURN_TYPE = YES_ERROR;
				GCC_WARN_UNDECLARED_SELECTOR = YES;
				GCC_WARN_UNINITIALIZED_AUTOS = YES_AGGRESSIVE;
				GCC_WARN_UNUSED_FUNCTION = YES;
				GCC_WARN_UNUSED_VARIABLE = YES;
				IPHONEOS_DEPLOYMENT_TARGET = 9.1;
				MTL_ENABLE_DEBUG_INFO = YES;
				ONLY_ACTIVE_ARCH = YES;
				SDKROOT = iphoneos;
				SWIFT_OPTIMIZATION_LEVEL = "-Onone";
				TARGETED_DEVICE_FAMILY = "1,2";
			};
			name = Debug;
		};
		76BB09441BEC747C00DD5E79 /* Release */ = {
			isa = XCBuildConfiguration;
			buildSettings = {
				ALWAYS_SEARCH_USER_PATHS = NO;
				CLANG_CXX_LANGUAGE_STANDARD = "gnu++0x";
				CLANG_CXX_LIBRARY = "libc++";
				CLANG_ENABLE_MODULES = YES;
				CLANG_ENABLE_OBJC_ARC = YES;
				CLANG_WARN_BOOL_CONVERSION = YES;
				CLANG_WARN_CONSTANT_CONVERSION = YES;
				CLANG_WARN_DIRECT_OBJC_ISA_USAGE = YES_ERROR;
				CLANG_WARN_EMPTY_BODY = YES;
				CLANG_WARN_ENUM_CONVERSION = YES;
				CLANG_WARN_INT_CONVERSION = YES;
				CLANG_WARN_OBJC_ROOT_CLASS = YES_ERROR;
				CLANG_WARN_UNREACHABLE_CODE = YES;
				CLANG_WARN__DUPLICATE_METHOD_MATCH = YES;
				"CODE_SIGN_IDENTITY[sdk=iphoneos*]" = "iPhone Developer";
				COPY_PHASE_STRIP = NO;
				DEBUG_INFORMATION_FORMAT = "dwarf-with-dsym";
				ENABLE_NS_ASSERTIONS = NO;
				ENABLE_STRICT_OBJC_MSGSEND = YES;
				GCC_C_LANGUAGE_STANDARD = gnu99;
				GCC_NO_COMMON_BLOCKS = YES;
				GCC_WARN_64_TO_32_BIT_CONVERSION = YES;
				GCC_WARN_ABOUT_RETURN_TYPE = YES_ERROR;
				GCC_WARN_UNDECLARED_SELECTOR = YES;
				GCC_WARN_UNINITIALIZED_AUTOS = YES_AGGRESSIVE;
				GCC_WARN_UNUSED_FUNCTION = YES;
				GCC_WARN_UNUSED_VARIABLE = YES;
				IPHONEOS_DEPLOYMENT_TARGET = 9.1;
				MTL_ENABLE_DEBUG_INFO = NO;
				SDKROOT = iphoneos;
				TARGETED_DEVICE_FAMILY = "1,2";
				VALIDATE_PRODUCT = YES;
			};
			name = Release;
		};
		76BB09461BEC747C00DD5E79 /* Debug */ = {
			isa = XCBuildConfiguration;
			buildSettings = {
				ASSETCATALOG_COMPILER_APPICON_NAME = AppIcon;
				INFOPLIST_FILE = "Dialog Viewer/Info.plist";
				LD_RUNPATH_SEARCH_PATHS = "$(inherited) @executable_path/Frameworks";
				PRODUCT_BUNDLE_IDENTIFIER = "com.example.Dialog-Viewer";
				PRODUCT_NAME = "$(TARGET_NAME)";
			};
			name = Debug;
		};
		76BB09471BEC747C00DD5E79 /* Release */ = {
			isa = XCBuildConfiguration;
			buildSettings = {
				ASSETCATALOG_COMPILER_APPICON_NAME = AppIcon;
				INFOPLIST_FILE = "Dialog Viewer/Info.plist";
				LD_RUNPATH_SEARCH_PATHS = "$(inherited) @executable_path/Frameworks";
				PRODUCT_BUNDLE_IDENTIFIER = "com.example.Dialog-Viewer";
				PRODUCT_NAME = "$(TARGET_NAME)";
			};
			name = Release;
		};
/* End XCBuildConfiguration section */

/* Begin XCConfigurationList section */
		76BB092E1BEC747C00DD5E79 /* Build configuration list for PBXProject "Dialog Viewer" */ = {
			isa = XCConfigurationList;
			buildConfigurations = (
				76BB09431BEC747C00DD5E79 /* Debug */,
				76BB09441BEC747C00DD5E79 /* Release */,
			);
			defaultConfigurationIsVisible = 0;
			defaultConfigurationName = Release;
		};
		76BB09451BEC747C00DD5E79 /* Build configuration list for PBXNativeTarget "Dialog Viewer" */ = {
			isa = XCConfigurationList;
			buildConfigurations = (
				76BB09461BEC747C00DD5E79 /* Debug */,
				76BB09471BEC747C00DD5E79 /* Release */,
			);
			defaultConfigurationIsVisible = 0;
			defaultConfigurationName = Release;
		};
/* End XCConfigurationList section */
	};
	rootObject = 76BB092B1BEC747C00DD5E79 /* Project object */;
}
