// !$*UTF8*$!
{
	archiveVersion = 1;
	classes = {
	};
	objectVersion = 46;
	objects = {

/* Begin PBXBuildFile section */
		76BD28B81BCAD62B0079330A /* AppDelegate.swift in Sources */ = {isa = PBXBuildFile; fileRef = 76BD28B71BCAD62B0079330A /* AppDelegate.swift */; };
		76BD28BA1BCAD62B0079330A /* ViewController.swift in Sources */ = {isa = PBXBuildFile; fileRef = 76BD28B91BCAD62B0079330A /* ViewController.swift */; };
		76BD28BD1BCAD62B0079330A /* Main.storyboard in Resources */ = {isa = PBXBuildFile; fileRef = 76BD28BB1BCAD62B0079330A /* Main.storyboard */; };
		76BD28BF1BCAD62B0079330A /* Assets.xcassets in Resources */ = {isa = PBXBuildFile; fileRef = 76BD28BE1BCAD62B0079330A /* Assets.xcassets */; };
		76BD28C21BCAD62B0079330A /* LaunchScreen.storyboard in Resources */ = {isa = PBXBuildFile; fileRef = 76BD28C01BCAD62B0079330A /* LaunchScreen.storyboard */; };
		76BD28CA1BCAD8C30079330A /* sortednames.plist in Resources */ = {isa = PBXBuildFile; fileRef = 76BD28C91BCAD8C30079330A /* sortednames.plist */; settings = {ASSET_TAGS = (); }; };
		76BD28CC1BCB0DD80079330A /* SearchResultsController.swift in Sources */ = {isa = PBXBuildFile; fileRef = 76BD28CB1BCB0DD80079330A /* SearchResultsController.swift */; settings = {ASSET_TAGS = (); }; };
/* End PBXBuildFile section */

/* Begin PBXFileReference section */
		76BD28B41BCAD62B0079330A /* Sections.app */ = {isa = PBXFileReference; explicitFileType = wrapper.application; includeInIndex = 0; path = Sections.app; sourceTree = BUILT_PRODUCTS_DIR; };
		76BD28B71BCAD62B0079330A /* AppDelegate.swift */ = {isa = PBXFileReference; lastKnownFileType = sourcecode.swift; path = AppDelegate.swift; sourceTree = "<group>"; };
		76BD28B91BCAD62B0079330A /* ViewController.swift */ = {isa = PBXFileReference; lastKnownFileType = sourcecode.swift; path = ViewController.swift; sourceTree = "<group>"; };
		76BD28BC1BCAD62B0079330A /* Base */ = {isa = PBXFileReference; lastKnownFileType = file.storyboard; name = Base; path = Base.lproj/Main.storyboard; sourceTree = "<group>"; };
		76BD28BE1BCAD62B0079330A /* Assets.xcassets */ = {isa = PBXFileReference; lastKnownFileType = folder.assetcatalog; path = Assets.xcassets; sourceTree = "<group>"; };
		76BD28C11BCAD62B0079330A /* Base */ = {isa = PBXFileReference; lastKnownFileType = file.storyboard; name = Base; path = Base.lproj/LaunchScreen.storyboard; sourceTree = "<group>"; };
		76BD28C31BCAD62B0079330A /* Info.plist */ = {isa = PBXFileReference; lastKnownFileType = text.plist.xml; path = Info.plist; sourceTree = "<group>"; };
		76BD28C91BCAD8C30079330A /* sortednames.plist */ = {isa = PBXFileReference; fileEncoding = 4; lastKnownFileType = text.plist.xml; name = sortednames.plist; path = "../../../../../../Downloads/9781484204108/Examples/08 - Sections Data/sortednames.plist"; sourceTree = "<group>"; };
		76BD28CB1BCB0DD80079330A /* SearchResultsController.swift */ = {isa = PBXFileReference; fileEncoding = 4; lastKnownFileType = sourcecode.swift; path = SearchResultsController.swift; sourceTree = "<group>"; };
/* End PBXFileReference section */

/* Begin PBXFrameworksBuildPhase section */
		76BD28B11BCAD62B0079330A /* Frameworks */ = {
			isa = PBXFrameworksBuildPhase;
			buildActionMask = 2147483647;
			files = (
			);
			runOnlyForDeploymentPostprocessing = 0;
		};
/* End PBXFrameworksBuildPhase section */

/* Begin PBXGroup section */
		76BD28AB1BCAD62B0079330A = {
			isa = PBXGroup;
			children = (
				76BD28B61BCAD62B0079330A /* Sections */,
				76BD28B51BCAD62B0079330A /* Products */,
			);
			sourceTree = "<group>";
		};
		76BD28B51BCAD62B0079330A /* Products */ = {
			isa = PBXGroup;
			children = (
				76BD28B41BCAD62B0079330A /* Sections.app */,
			);
			name = Products;
			sourceTree = "<group>";
		};
		76BD28B61BCAD62B0079330A /* Sections */ = {
			isa = PBXGroup;
			children = (
				76BD28C91BCAD8C30079330A /* sortednames.plist */,
				76BD28B71BCAD62B0079330A /* AppDelegate.swift */,
				76BD28B91BCAD62B0079330A /* ViewController.swift */,
				76BD28CB1BCB0DD80079330A /* SearchResultsController.swift */,
				76BD28BB1BCAD62B0079330A /* Main.storyboard */,
				76BD28BE1BCAD62B0079330A /* Assets.xcassets */,
				76BD28C01BCAD62B0079330A /* LaunchScreen.storyboard */,
				76BD28C31BCAD62B0079330A /* Info.plist */,
			);
			path = Sections;
			sourceTree = "<group>";
		};
/* End PBXGroup section */

/* Begin PBXNativeTarget section */
		76BD28B31BCAD62B0079330A /* Sections */ = {
			isa = PBXNativeTarget;
			buildConfigurationList = 76BD28C61BCAD62B0079330A /* Build configuration list for PBXNativeTarget "Sections" */;
			buildPhases = (
				76BD28B01BCAD62B0079330A /* Sources */,
				76BD28B11BCAD62B0079330A /* Frameworks */,
				76BD28B21BCAD62B0079330A /* Resources */,
			);
			buildRules = (
			);
			dependencies = (
			);
			name = Sections;
			productName = Sections;
			productReference = 76BD28B41BCAD62B0079330A /* Sections.app */;
			productType = "com.apple.product-type.application";
		};
/* End PBXNativeTarget section */

/* Begin PBXProject section */
		76BD28AC1BCAD62B0079330A /* Project object */ = {
			isa = PBXProject;
			attributes = {
				LastUpgradeCheck = 0700;
				ORGANIZATIONNAME = "Michael Shearer";
				TargetAttributes = {
					76BD28B31BCAD62B0079330A = {
						CreatedOnToolsVersion = 7.0.1;
						DevelopmentTeam = Y4LAHFN66T;
					};
				};
			};
			buildConfigurationList = 76BD28AF1BCAD62B0079330A /* Build configuration list for PBXProject "Sections" */;
			compatibilityVersion = "Xcode 3.2";
			developmentRegion = English;
			hasScannedForEncodings = 0;
			knownRegions = (
				en,
				Base,
			);
			mainGroup = 76BD28AB1BCAD62B0079330A;
			productRefGroup = 76BD28B51BCAD62B0079330A /* Products */;
			projectDirPath = "";
			projectRoot = "";
			targets = (
				76BD28B31BCAD62B0079330A /* Sections */,
			);
		};
/* End PBXProject section */

/* Begin PBXResourcesBuildPhase section */
		76BD28B21BCAD62B0079330A /* Resources */ = {
			isa = PBXResourcesBuildPhase;
			buildActionMask = 2147483647;
			files = (
				76BD28CA1BCAD8C30079330A /* sortednames.plist in Resources */,
				76BD28C21BCAD62B0079330A /* LaunchScreen.storyboard in Resources */,
				76BD28BF1BCAD62B0079330A /* Assets.xcassets in Resources */,
				76BD28BD1BCAD62B0079330A /* Main.storyboard in Resources */,
			);
			runOnlyForDeploymentPostprocessing = 0;
		};
/* End PBXResourcesBuildPhase section */

/* Begin PBXSourcesBuildPhase section */
		76BD28B01BCAD62B0079330A /* Sources */ = {
			isa = PBXSourcesBuildPhase;
			buildActionMask = 2147483647;
			files = (
				76BD28BA1BCAD62B0079330A /* ViewController.swift in Sources */,
				76BD28CC1BCB0DD80079330A /* SearchResultsController.swift in Sources */,
				76BD28B81BCAD62B0079330A /* AppDelegate.swift in Sources */,
			);
			runOnlyForDeploymentPostprocessing = 0;
		};
/* End PBXSourcesBuildPhase section */

/* Begin PBXVariantGroup section */
		76BD28BB1BCAD62B0079330A /* Main.storyboard */ = {
			isa = PBXVariantGroup;
			children = (
				76BD28BC1BCAD62B0079330A /* Base */,
			);
			name = Main.storyboard;
			sourceTree = "<group>";
		};
		76BD28C01BCAD62B0079330A /* LaunchScreen.storyboard */ = {
			isa = PBXVariantGroup;
			children = (
				76BD28C11BCAD62B0079330A /* Base */,
			);
			name = LaunchScreen.storyboard;
			sourceTree = "<group>";
		};
/* End PBXVariantGroup section */

/* Begin XCBuildConfiguration section */
		76BD28C41BCAD62B0079330A /* Debug */ = {
			isa = XCBuildConfiguration;
			buildSettings = {
				ALWAYS_SEARCH_USER_PATHS = NO;
				CLANG_CXX_LANGUAGE_STANDARD = "gnu++0x";
				CLANG_CXX_LIBRARY = "libc++";
				CLANG_ENABLE_MODULES = YES;
				CLANG_ENABLE_OBJC_ARC = YES;
				CLANG_WARN_BOOL_CONVERSION = YES;
				CLANG_WARN_CONSTANT_CONVERSION = YES;
				CLANG_WARN_DIRECT_OBJC_ISA_USAGE = YES_ERROR;
				CLANG_WARN_EMPTY_BODY = YES;
				CLANG_WARN_ENUM_CONVERSION = YES;
				CLANG_WARN_INT_CONVERSION = YES;
				CLANG_WARN_OBJC_ROOT_CLASS = YES_ERROR;
				CLANG_WARN_UNREACHABLE_CODE = YES;
				CLANG_WARN__DUPLICATE_METHOD_MATCH = YES;
				"CODE_SIGN_IDENTITY[sdk=iphoneos*]" = "iPhone Developer";
				COPY_PHASE_STRIP = NO;
				DEBUG_INFORMATION_FORMAT = dwarf;
				ENABLE_STRICT_OBJC_MSGSEND = YES;
				ENABLE_TESTABILITY = YES;
				GCC_C_LANGUAGE_STANDARD = gnu99;
				GCC_DYNAMIC_NO_PIC = NO;
				GCC_NO_COMMON_BLOCKS = YES;
				GCC_OPTIMIZATION_LEVEL = 0;
				GCC_PREPROCESSOR_DEFINITIONS = (
					"DEBUG=1",
					"$(inherited)",
				);
				GCC_WARN_64_TO_32_BIT_CONVERSION = YES;
				GCC_WARN_ABOUT_RETURN_TYPE = YES_ERROR;
				GCC_WARN_UNDECLARED_SELECTOR = YES;
				GCC_WARN_UNINITIALIZED_AUTOS = YES_AGGRESSIVE;
				GCC_WARN_UNUSED_FUNCTION = YES;
				GCC_WARN_UNUSED_VARIABLE = YES;
				IPHONEOS_DEPLOYMENT_TARGET = 9.0;
				MTL_ENABLE_DEBUG_INFO = YES;
				ONLY_ACTIVE_ARCH = YES;
				SDKROOT = iphoneos;
				SWIFT_OPTIMIZATION_LEVEL = "-Onone";
				TARGETED_DEVICE_FAMILY = "1,2";
			};
			name = Debug;
		};
		76BD28C51BCAD62B0079330A /* Release */ = {
			isa = XCBuildConfiguration;
			buildSettings = {
				ALWAYS_SEARCH_USER_PATHS = NO;
				CLANG_CXX_LANGUAGE_STANDARD = "gnu++0x";
				CLANG_CXX_LIBRARY = "libc++";
				CLANG_ENABLE_MODULES = YES;
				CLANG_ENABLE_OBJC_ARC = YES;
				CLANG_WARN_BOOL_CONVERSION = YES;
				CLANG_WARN_CONSTANT_CONVERSION = YES;
				CLANG_WARN_DIRECT_OBJC_ISA_USAGE = YES_ERROR;
				CLANG_WARN_EMPTY_BODY = YES;
				CLANG_WARN_ENUM_CONVERSION = YES;
				CLANG_WARN_INT_CONVERSION = YES;
				CLANG_WARN_OBJC_ROOT_CLASS = YES_ERROR;
				CLANG_WARN_UNREACHABLE_CODE = YES;
				CLANG_WARN__DUPLICATE_METHOD_MATCH = YES;
				"CODE_SIGN_IDENTITY[sdk=iphoneos*]" = "iPhone Developer";
				COPY_PHASE_STRIP = NO;
				DEBUG_INFORMATION_FORMAT = "dwarf-with-dsym";
				ENABLE_NS_ASSERTIONS = NO;
				ENABLE_STRICT_OBJC_MSGSEND = YES;
				GCC_C_LANGUAGE_STANDARD = gnu99;
				GCC_NO_COMMON_BLOCKS = YES;
				GCC_WARN_64_TO_32_BIT_CONVERSION = YES;
				GCC_WARN_ABOUT_RETURN_TYPE = YES_ERROR;
				GCC_WARN_UNDECLARED_SELECTOR = YES;
				GCC_WARN_UNINITIALIZED_AUTOS = YES_AGGRESSIVE;
				GCC_WARN_UNUSED_FUNCTION = YES;
				GCC_WARN_UNUSED_VARIABLE = YES;
				IPHONEOS_DEPLOYMENT_TARGET = 9.0;
				MTL_ENABLE_DEBUG_INFO = NO;
				SDKROOT = iphoneos;
				TARGETED_DEVICE_FAMILY = "1,2";
				VALIDATE_PRODUCT = YES;
			};
			name = Release;
		};
		76BD28C71BCAD62B0079330A /* Debug */ = {
			isa = XCBuildConfiguration;
			buildSettings = {
				ASSETCATALOG_COMPILER_APPICON_NAME = AppIcon;
				CODE_SIGN_IDENTITY = "iPhone Developer";
				"CODE_SIGN_IDENTITY[sdk=iphoneos*]" = "iPhone Developer";
				INFOPLIST_FILE = Sections/Info.plist;
				LD_RUNPATH_SEARCH_PATHS = "$(inherited) @executable_path/Frameworks";
				PRODUCT_BUNDLE_IDENTIFIER = com.example.Sections;
				PRODUCT_NAME = "$(TARGET_NAME)";
				PROVISIONING_PROFILE = "";
			};
			name = Debug;
		};
		76BD28C81BCAD62B0079330A /* Release */ = {
			isa = XCBuildConfiguration;
			buildSettings = {
				ASSETCATALOG_COMPILER_APPICON_NAME = AppIcon;
				CODE_SIGN_IDENTITY = "iPhone Developer";
				"CODE_SIGN_IDENTITY[sdk=iphoneos*]" = "iPhone Developer";
				INFOPLIST_FILE = Sections/Info.plist;
				LD_RUNPATH_SEARCH_PATHS = "$(inherited) @executable_path/Frameworks";
				PRODUCT_BUNDLE_IDENTIFIER = com.example.Sections;
				PRODUCT_NAME = "$(TARGET_NAME)";
				PROVISIONING_PROFILE = "";
			};
			name = Release;
		};
/* End XCBuildConfiguration section */

/* Begin XCConfigurationList section */
		76BD28AF1BCAD62B0079330A /* Build configuration list for PBXProject "Sections" */ = {
			isa = XCConfigurationList;
			buildConfigurations = (
				76BD28C41BCAD62B0079330A /* Debug */,
				76BD28C51BCAD62B0079330A /* Release */,
			);
			defaultConfigurationIsVisible = 0;
			defaultConfigurationName = Release;
		};
		76BD28C61BCAD62B0079330A /* Build configuration list for PBXNativeTarget "Sections" */ = {
			isa = XCConfigurationList;
			buildConfigurations = (
				76BD28C71BCAD62B0079330A /* Debug */,
				76BD28C81BCAD62B0079330A /* Release */,
			);
			defaultConfigurationIsVisible = 0;
			defaultConfigurationName = Release;
		};
/* End XCConfigurationList section */
	};
	rootObject = 76BD28AC1BCAD62B0079330A /* Project object */;
}
