// !$*UTF8*$!
{
	archiveVersion = 1;
	classes = {
	};
	objectVersion = 46;
	objects = {

/* Begin PBXBuildFile section */
		76645F4D1BE8E80E001B151B /* AppDelegate.swift in Sources */ = {isa = PBXBuildFile; fileRef = 76645F4C1BE8E80E001B151B /* AppDelegate.swift */; };
		76645F4F1BE8E80E001B151B /* ViewController.swift in Sources */ = {isa = PBXBuildFile; fileRef = 76645F4E1BE8E80E001B151B /* ViewController.swift */; };
		76645F521BE8E80E001B151B /* Main.storyboard in Resources */ = {isa = PBXBuildFile; fileRef = 76645F501BE8E80E001B151B /* Main.storyboard */; };
		76645F541BE8E80E001B151B /* Assets.xcassets in Resources */ = {isa = PBXBuildFile; fileRef = 76645F531BE8E80E001B151B /* Assets.xcassets */; };
		76645F571BE8E80E001B151B /* LaunchScreen.storyboard in Resources */ = {isa = PBXBuildFile; fileRef = 76645F551BE8E80E001B151B /* LaunchScreen.storyboard */; };
/* End PBXBuildFile section */

/* Begin PBXFileReference section */
		76645F491BE8E80E001B151B /* Slider Carousel.app */ = {isa = PBXFileReference; explicitFileType = wrapper.application; includeInIndex = 0; path = "Slider Carousel.app"; sourceTree = BUILT_PRODUCTS_DIR; };
		76645F4C1BE8E80E001B151B /* AppDelegate.swift */ = {isa = PBXFileReference; lastKnownFileType = sourcecode.swift; path = AppDelegate.swift; sourceTree = "<group>"; };
		76645F4E1BE8E80E001B151B /* ViewController.swift */ = {isa = PBXFileReference; lastKnownFileType = sourcecode.swift; path = ViewController.swift; sourceTree = "<group>"; };
		76645F511BE8E80E001B151B /* Base */ = {isa = PBXFileReference; lastKnownFileType = file.storyboard; name = Base; path = Base.lproj/Main.storyboard; sourceTree = "<group>"; };
		76645F531BE8E80E001B151B /* Assets.xcassets */ = {isa = PBXFileReference; lastKnownFileType = folder.assetcatalog; path = Assets.xcassets; sourceTree = "<group>"; };
		76645F561BE8E80E001B151B /* Base */ = {isa = PBXFileReference; lastKnownFileType = file.storyboard; name = Base; path = Base.lproj/LaunchScreen.storyboard; sourceTree = "<group>"; };
		76645F581BE8E80E001B151B /* Info.plist */ = {isa = PBXFileReference; lastKnownFileType = text.plist.xml; path = Info.plist; sourceTree = "<group>"; };
/* End PBXFileReference section */

/* Begin PBXFrameworksBuildPhase section */
		76645F461BE8E80E001B151B /* Frameworks */ = {
			isa = PBXFrameworksBuildPhase;
			buildActionMask = 2147483647;
			files = (
			);
			runOnlyForDeploymentPostprocessing = 0;
		};
/* End PBXFrameworksBuildPhase section */

/* Begin PBXGroup section */
		76645F401BE8E80E001B151B = {
			isa = PBXGroup;
			children = (
				76645F4B1BE8E80E001B151B /* Slider Carousel */,
				76645F4A1BE8E80E001B151B /* Products */,
			);
			sourceTree = "<group>";
		};
		76645F4A1BE8E80E001B151B /* Products */ = {
			isa = PBXGroup;
			children = (
				76645F491BE8E80E001B151B /* Slider Carousel.app */,
			);
			name = Products;
			sourceTree = "<group>";
		};
		76645F4B1BE8E80E001B151B /* Slider Carousel */ = {
			isa = PBXGroup;
			children = (
				76645F4C1BE8E80E001B151B /* AppDelegate.swift */,
				76645F4E1BE8E80E001B151B /* ViewController.swift */,
				76645F501BE8E80E001B151B /* Main.storyboard */,
				76645F531BE8E80E001B151B /* Assets.xcassets */,
				76645F551BE8E80E001B151B /* LaunchScreen.storyboard */,
				76645F581BE8E80E001B151B /* Info.plist */,
			);
			path = "Slider Carousel";
			sourceTree = "<group>";
		};
/* End PBXGroup section */

/* Begin PBXNativeTarget section */
		76645F481BE8E80E001B151B /* Slider Carousel */ = {
			isa = PBXNativeTarget;
			buildConfigurationList = 76645F5B1BE8E80E001B151B /* Build configuration list for PBXNativeTarget "Slider Carousel" */;
			buildPhases = (
				76645F451BE8E80E001B151B /* Sources */,
				76645F461BE8E80E001B151B /* Frameworks */,
				76645F471BE8E80E001B151B /* Resources */,
			);
			buildRules = (
			);
			dependencies = (
			);
			name = "Slider Carousel";
			productName = "Slider Carousel";
			productReference = 76645F491BE8E80E001B151B /* Slider Carousel.app */;
			productType = "com.apple.product-type.application";
		};
/* End PBXNativeTarget section */

/* Begin PBXProject section */
		76645F411BE8E80E001B151B /* Project object */ = {
			isa = PBXProject;
			attributes = {
				LastSwiftUpdateCheck = 0710;
				LastUpgradeCheck = 0710;
				ORGANIZATIONNAME = "Michael Shearer";
				TargetAttributes = {
					76645F481BE8E80E001B151B = {
						CreatedOnToolsVersion = 7.1;
					};
				};
			};
			buildConfigurationList = 76645F441BE8E80E001B151B /* Build configuration list for PBXProject "Slider Carousel" */;
			compatibilityVersion = "Xcode 3.2";
			developmentRegion = English;
			hasScannedForEncodings = 0;
			knownRegions = (
				en,
				Base,
			);
			mainGroup = 76645F401BE8E80E001B151B;
			productRefGroup = 76645F4A1BE8E80E001B151B /* Products */;
			projectDirPath = "";
			projectRoot = "";
			targets = (
				76645F481BE8E80E001B151B /* Slider Carousel */,
			);
		};
/* End PBXProject section */

/* Begin PBXResourcesBuildPhase section */
		76645F471BE8E80E001B151B /* Resources */ = {
			isa = PBXResourcesBuildPhase;
			buildActionMask = 2147483647;
			files = (
				76645F571BE8E80E001B151B /* LaunchScreen.storyboard in Resources */,
				76645F541BE8E80E001B151B /* Assets.xcassets in Resources */,
				76645F521BE8E80E001B151B /* Main.storyboard in Resources */,
			);
			runOnlyForDeploymentPostprocessing = 0;
		};
/* End PBXResourcesBuildPhase section */

/* Begin PBXSourcesBuildPhase section */
		76645F451BE8E80E001B151B /* Sources */ = {
			isa = PBXSourcesBuildPhase;
			buildActionMask = 2147483647;
			files = (
				76645F4F1BE8E80E001B151B /* ViewController.swift in Sources */,
				76645F4D1BE8E80E001B151B /* AppDelegate.swift in Sources */,
			);
			runOnlyForDeploymentPostprocessing = 0;
		};
/* End PBXSourcesBuildPhase section */

/* Begin PBXVariantGroup section */
		76645F501BE8E80E001B151B /* Main.storyboard */ = {
			isa = PBXVariantGroup;
			children = (
				76645F511BE8E80E001B151B /* Base */,
			);
			name = Main.storyboard;
			sourceTree = "<group>";
		};
		76645F551BE8E80E001B151B /* LaunchScreen.storyboard */ = {
			isa = PBXVariantGroup;
			children = (
				76645F561BE8E80E001B151B /* Base */,
			);
			name = LaunchScreen.storyboard;
			sourceTree = "<group>";
		};
/* End PBXVariantGroup section */

/* Begin XCBuildConfiguration section */
		76645F591BE8E80E001B151B /* Debug */ = {
			isa = XCBuildConfiguration;
			buildSettings = {
				ALWAYS_SEARCH_USER_PATHS = NO;
				CLANG_CXX_LANGUAGE_STANDARD = "gnu++0x";
				CLANG_CXX_LIBRARY = "libc++";
				CLANG_ENABLE_MODULES = YES;
				CLANG_ENABLE_OBJC_ARC = YES;
				CLANG_WARN_BOOL_CONVERSION = YES;
				CLANG_WARN_CONSTANT_CONVERSION = YES;
				CLANG_WARN_DIRECT_OBJC_ISA_USAGE = YES_ERROR;
				CLANG_WARN_EMPTY_BODY = YES;
				CLANG_WARN_ENUM_CONVERSION = YES;
				CLANG_WARN_INT_CONVERSION = YES;
				CLANG_WARN_OBJC_ROOT_CLASS = YES_ERROR;
				CLANG_WARN_UNREACHABLE_CODE = YES;
				CLANG_WARN__DUPLICATE_METHOD_MATCH = YES;
				"CODE_SIGN_IDENTITY[sdk=iphoneos*]" = "iPhone Developer";
				COPY_PHASE_STRIP = NO;
				DEBUG_INFORMATION_FORMAT = dwarf;
				ENABLE_STRICT_OBJC_MSGSEND = YES;
				ENABLE_TESTABILITY = YES;
				GCC_C_LANGUAGE_STANDARD = gnu99;
				GCC_DYNAMIC_NO_PIC = NO;
				GCC_NO_COMMON_BLOCKS = YES;
				GCC_OPTIMIZATION_LEVEL = 0;
				GCC_PREPROCESSOR_DEFINITIONS = (
					"DEBUG=1",
					"$(inherited)",
				);
				GCC_WARN_64_TO_32_BIT_CONVERSION = YES;
				GCC_WARN_ABOUT_RETURN_TYPE = YES_ERROR;
				GCC_WARN_UNDECLARED_SELECTOR = YES;
				GCC_WARN_UNINITIALIZED_AUTOS = YES_AGGRESSIVE;
				GCC_WARN_UNUSED_FUNCTION = YES;
				GCC_WARN_UNUSED_VARIABLE = YES;
				IPHONEOS_DEPLOYMENT_TARGET = 9.1;
				MTL_ENABLE_DEBUG_INFO = YES;
				ONLY_ACTIVE_ARCH = YES;
				SDKROOT = iphoneos;
				SWIFT_OPTIMIZATION_LEVEL = "-Onone";
				TARGETED_DEVICE_FAMILY = "1,2";
			};
			name = Debug;
		};
		76645F5A1BE8E80E001B151B /* Release */ = {
			isa = XCBuildConfiguration;
			buildSettings = {
				ALWAYS_SEARCH_USER_PATHS = NO;
				CLANG_CXX_LANGUAGE_STANDARD = "gnu++0x";
				CLANG_CXX_LIBRARY = "libc++";
				CLANG_ENABLE_MODULES = YES;
				CLANG_ENABLE_OBJC_ARC = YES;
				CLANG_WARN_BOOL_CONVERSION = YES;
				CLANG_WARN_CONSTANT_CONVERSION = YES;
				CLANG_WARN_DIRECT_OBJC_ISA_USAGE = YES_ERROR;
				CLANG_WARN_EMPTY_BODY = YES;
				CLANG_WARN_ENUM_CONVERSION = YES;
				CLANG_WARN_INT_CONVERSION = YES;
				CLANG_WARN_OBJC_ROOT_CLASS = YES_ERROR;
				CLANG_WARN_UNREACHABLE_CODE = YES;
				CLANG_WARN__DUPLICATE_METHOD_MATCH = YES;
				"CODE_SIGN_IDENTITY[sdk=iphoneos*]" = "iPhone Developer";
				COPY_PHASE_STRIP = NO;
				DEBUG_INFORMATION_FORMAT = "dwarf-with-dsym";
				ENABLE_NS_ASSERTIONS = NO;
				ENABLE_STRICT_OBJC_MSGSEND = YES;
				GCC_C_LANGUAGE_STANDARD = gnu99;
				GCC_NO_COMMON_BLOCKS = YES;
				GCC_WARN_64_TO_32_BIT_CONVERSION = YES;
				GCC_WARN_ABOUT_RETURN_TYPE = YES_ERROR;
				GCC_WARN_UNDECLARED_SELECTOR = YES;
				GCC_WARN_UNINITIALIZED_AUTOS = YES_AGGRESSIVE;
				GCC_WARN_UNUSED_FUNCTION = YES;
				GCC_WARN_UNUSED_VARIABLE = YES;
				IPHONEOS_DEPLOYMENT_TARGET = 9.1;
				MTL_ENABLE_DEBUG_INFO = NO;
				SDKROOT = iphoneos;
				TARGETED_DEVICE_FAMILY = "1,2";
				VALIDATE_PRODUCT = YES;
			};
			name = Release;
		};
		76645F5C1BE8E80E001B151B /* Debug */ = {
			isa = XCBuildConfiguration;
			buildSettings = {
				ASSETCATALOG_COMPILER_APPICON_NAME = AppIcon;
				INFOPLIST_FILE = "Slider Carousel/Info.plist";
				LD_RUNPATH_SEARCH_PATHS = "$(inherited) @executable_path/Frameworks";
				PRODUCT_BUNDLE_IDENTIFIER = "com.example.Slider-Carousel";
				PRODUCT_NAME = "$(TARGET_NAME)";
			};
			name = Debug;
		};
		76645F5D1BE8E80E001B151B /* Release */ = {
			isa = XCBuildConfiguration;
			buildSettings = {
				ASSETCATALOG_COMPILER_APPICON_NAME = AppIcon;
				INFOPLIST_FILE = "Slider Carousel/Info.plist";
				LD_RUNPATH_SEARCH_PATHS = "$(inherited) @executable_path/Frameworks";
				PRODUCT_BUNDLE_IDENTIFIER = "com.example.Slider-Carousel";
				PRODUCT_NAME = "$(TARGET_NAME)";
			};
			name = Release;
		};
/* End XCBuildConfiguration section */

/* Begin XCConfigurationList section */
		76645F441BE8E80E001B151B /* Build configuration list for PBXProject "Slider Carousel" */ = {
			isa = XCConfigurationList;
			buildConfigurations = (
				76645F591BE8E80E001B151B /* Debug */,
				76645F5A1BE8E80E001B151B /* Release */,
			);
			defaultConfigurationIsVisible = 0;
			defaultConfigurationName = Release;
		};
		76645F5B1BE8E80E001B151B /* Build configuration list for PBXNativeTarget "Slider Carousel" */ = {
			isa = XCConfigurationList;
			buildConfigurations = (
				76645F5C1BE8E80E001B151B /* Debug */,
				76645F5D1BE8E80E001B151B /* Release */,
			);
			defaultConfigurationIsVisible = 0;
		};
/* End XCConfigurationList section */
	};
	rootObject = 76645F411BE8E80E001B151B /* Project object */;
}
